DEPENDENCIES
  homebrew (~> 1.12)
  java
    path: .
    metadata: true
  test_java
    path: test/fixtures/cookbooks/test_java
  windows (~> 1.12)
  yum (~> 3.3)

GRAPH
  apt (2.9.2)
  build-essential (2.2.4)
  chef_handler (1.2.0)
  homebrew (1.13.0)
    build-essential (>= 2.1.2)
  java (1.36.0)
    apt (>= 0.0.0)
  test_java (0.1.0)
  windows (1.38.2)
    chef_handler (>= 0.0.0)
  yum (3.8.2)
